
Microsoft Visual Studio Solution File, Format Version 12.00
# Visual Studio 15
VisualStudioVersion = 15.0.28307.271
MinimumVisualStudioVersion = 10.0.40219.1
Project("{FAE04EC0-301F-11D3-BF4B-00C04F79EFBC}") = "Week6_primes", "Week6_primes\Week6_primes.csproj", "{C08F4B53-CBCD-4FE2-90AF-1DECA91AE02F}"
EndProject
Global
	GlobalSection(SolutionConfigurationPlatforms) = preSolution
		Debug|Any CPU = Debug|Any CPU
		Release|Any CPU = Release|Any CPU
	EndGlobalSection
	GlobalSection(ProjectConfigurationPlatforms) = postSolution
		{C08F4B53-CBCD-4FE2-90AF-1DECA91AE02F}.Debug|Any CPU.ActiveCfg = Debug|Any CPU
		{C08F4B53-CBCD-4FE2-90AF-1DECA91AE02F}.Debug|Any CPU.Build.0 = Debug|Any CPU
		{C08F4B53-CBCD-4FE2-90AF-1DECA91AE02F}.Release|Any CPU.ActiveCfg = Release|Any CPU
		{C08F4B53-CBCD-4FE2-90AF-1DECA91AE02F}.Release|Any CPU.Build.0 = Release|Any CPU
	EndGlobalSection
	GlobalSection(SolutionProperties) = preSolution
		HideSolutionNode = FALSE
	EndGlobalSection
	GlobalSection(ExtensibilityGlobals) = postSolution
		SolutionGuid = {5D213881-25D8-4FF1-B590-B22F9AA1B79C}
	EndGlobalSection
EndGlobal
